// !$*UTF8*$!
{
	archiveVersion = 1;
	classes = {
	};
	objectVersion = 46;
	objects = {

/* Begin PBXBuildFile section */
		64E8A6261E83D6E100B9D456 /* AppDelegate.swift in Sources */ = {isa = PBXBuildFile; fileRef = 64E8A6251E83D6E100B9D456 /* AppDelegate.swift */; };
		64E8A6281E83D6E100B9D456 /* ViewController.swift in Sources */ = {isa = PBXBuildFile; fileRef = 64E8A6271E83D6E100B9D456 /* ViewController.swift */; };
		64E8A62B1E83D6E100B9D456 /* Main.storyboard in Resources */ = {isa = PBXBuildFile; fileRef = 64E8A6291E83D6E100B9D456 /* Main.storyboard */; };
		64E8A62D1E83D6E100B9D456 /* Assets.xcassets in Resources */ = {isa = PBXBuildFile; fileRef = 64E8A62C1E83D6E100B9D456 /* Assets.xcassets */; };
		64E8A6301E83D6E100B9D456 /* LaunchScreen.storyboard in Resources */ = {isa = PBXBuildFile; fileRef = 64E8A62E1E83D6E100B9D456 /* LaunchScreen.storyboard */; };
/* End PBXBuildFile section */

/* Begin PBXFileReference section */
		64E8A6221E83D6E100B9D456 /* EmojiTableView.app */ = {isa = PBXFileReference; explicitFileType = wrapper.application; includeInIndex = 0; path = EmojiTableView.app; sourceTree = BUILT_PRODUCTS_DIR; };
		64E8A6251E83D6E100B9D456 /* AppDelegate.swift */ = {isa = PBXFileReference; lastKnownFileType = sourcecode.swift; path = AppDelegate.swift; sourceTree = "<group>"; };
		64E8A6271E83D6E100B9D456 /* ViewController.swift */ = {isa = PBXFileReference; lastKnownFileType = sourcecode.swift; path = ViewController.swift; sourceTree = "<group>"; };
		64E8A62A1E83D6E100B9D456 /* Base */ = {isa = PBXFileReference; lastKnownFileType = file.storyboard; name = Base; path = Base.lproj/Main.storyboard; sourceTree = "<group>"; };
		64E8A62C1E83D6E100B9D456 /* Assets.xcassets */ = {isa = PBXFileReference; lastKnownFileType = folder.assetcatalog; path = Assets.xcassets; sourceTree = "<group>"; };
		64E8A62F1E83D6E100B9D456 /* Base */ = {isa = PBXFileReference; lastKnownFileType = file.storyboard; name = Base; path = Base.lproj/LaunchScreen.storyboard; sourceTree = "<group>"; };
		64E8A6311E83D6E100B9D456 /* Info.plist */ = {isa = PBXFileReference; lastKnownFileType = text.plist.xml; path = Info.plist; sourceTree = "<group>"; };
/* End PBXFileReference section */

/* Begin PBXFrameworksBuildPhase section */
		64E8A61F1E83D6E100B9D456 /* Frameworks */ = {
			isa = PBXFrameworksBuildPhase;
			buildActionMask = 2147483647;
			files = (
			);
			runOnlyForDeploymentPostprocessing = 0;
		};
/* End PBXFrameworksBuildPhase section */

/* Begin PBXGroup section */
		64E8A6191E83D6E000B9D456 = {
			isa = PBXGroup;
			children = (
				64E8A6241E83D6E100B9D456 /* EmojiTableView */,
				64E8A6231E83D6E100B9D456 /* Products */,
			);
			sourceTree = "<group>";
		};
		64E8A6231E83D6E100B9D456 /* Products */ = {
			isa = PBXGroup;
			children = (
				64E8A6221E83D6E100B9D456 /* EmojiTableView.app */,
			);
			name = Products;
			sourceTree = "<group>";
		};
		64E8A6241E83D6E100B9D456 /* EmojiTableView */ = {
			isa = PBXGroup;
			children = (
				64E8A6251E83D6E100B9D456 /* AppDelegate.swift */,
				64E8A6271E83D6E100B9D456 /* ViewController.swift */,
				64E8A6291E83D6E100B9D456 /* Main.storyboard */,
				64E8A62C1E83D6E100B9D456 /* Assets.xcassets */,
				64E8A62E1E83D6E100B9D456 /* LaunchScreen.storyboard */,
				64E8A6311E83D6E100B9D456 /* Info.plist */,
			);
			path = EmojiTableView;
			sourceTree = "<group>";
		};
/* End PBXGroup section */

/* Begin PBXNativeTarget section */
		64E8A6211E83D6E100B9D456 /* EmojiTableView */ = {
			isa = PBXNativeTarget;
			buildConfigurationList = 64E8A6341E83D6E100B9D456 /* Build configuration list for PBXNativeTarget "EmojiTableView" */;
			buildPhases = (
				64E8A61E1E83D6E100B9D456 /* Sources */,
				64E8A61F1E83D6E100B9D456 /* Frameworks */,
				64E8A6201E83D6E100B9D456 /* Resources */,
			);
			buildRules = (
			);
			dependencies = (
			);
			name = EmojiTableView;
			productName = EmojiTableView;
			productReference = 64E8A6221E83D6E100B9D456 /* EmojiTableView.app */;
			productType = "com.apple.product-type.application";
		};
/* End PBXNativeTarget section */

/* Begin PBXProject section */
		64E8A61A1E83D6E000B9D456 /* Project object */ = {
			isa = PBXProject;
			attributes = {
				LastSwiftUpdateCheck = 0800;
				LastUpgradeCheck = 0800;
				ORGANIZATIONNAME = "Manuel Kremkow";
				TargetAttributes = {
					64E8A6211E83D6E100B9D456 = {
						CreatedOnToolsVersion = 8.0;
						ProvisioningStyle = Automatic;
					};
				};
			};
			buildConfigurationList = 64E8A61D1E83D6E000B9D456 /* Build configuration list for PBXProject "EmojiTableView" */;
			compatibilityVersion = "Xcode 3.2";
			developmentRegion = English;
			hasScannedForEncodings = 0;
			knownRegions = (
				en,
				Base,
			);
			mainGroup = 64E8A6191E83D6E000B9D456;
			productRefGroup = 64E8A6231E83D6E100B9D456 /* Products */;
			projectDirPath = "";
			projectRoot = "";
			targets = (
				64E8A6211E83D6E100B9D456 /* EmojiTableView */,
			);
		};
/* End PBXProject section */

/* Begin PBXResourcesBuildPhase section */
		64E8A6201E83D6E100B9D456 /* Resources */ = {
			isa = PBXResourcesBuildPhase;
			buildActionMask = 2147483647;
			files = (
				64E8A6301E83D6E100B9D456 /* LaunchScreen.storyboard in Resources */,
				64E8A62D1E83D6E100B9D456 /* Assets.xcassets in Resources */,
				64E8A62B1E83D6E100B9D456 /* Main.storyboard in Resources */,
			);
			runOnlyForDeploymentPostprocessing = 0;
		};
/* End PBXResourcesBuildPhase section */

/* Begin PBXSourcesBuildPhase section */
		64E8A61E1E83D6E100B9D456 /* Sources */ = {
			isa = PBXSourcesBuildPhase;
			buildActionMask = 2147483647;
			files = (
				64E8A6281E83D6E100B9D456 /* ViewController.swift in Sources */,
				64E8A6261E83D6E100B9D456 /* AppDelegate.swift in Sources */,
			);
			runOnlyForDeploymentPostprocessing = 0;
		};
/* End PBXSourcesBuildPhase section */

/* Begin PBXVariantGroup section */
		64E8A6291E83D6E100B9D456 /* Main.storyboard */ = {
			isa = PBXVariantGroup;
			children = (
				64E8A62A1E83D6E100B9D456 /* Base */,
			);
			name = Main.storyboard;
			sourceTree = "<group>";
		};
		64E8A62E1E83D6E100B9D456 /* LaunchScreen.storyboard */ = {
			isa = PBXVariantGroup;
			children = (
				64E8A62F1E83D6E100B9D456 /* Base */,
			);
			name = LaunchScreen.storyboard;
			sourceTree = "<group>";
		};
/* End PBXVariantGroup section */

/* Begin XCBuildConfiguration section */
		64E8A6321E83D6E100B9D456 /* Debug */ = {
			isa = XCBuildConfiguration;
			buildSettings = {
				ALWAYS_SEARCH_USER_PATHS = NO;
				CLANG_ANALYZER_NONNULL = YES;
				CLANG_CXX_LANGUAGE_STANDARD = "gnu++0x";
				CLANG_CXX_LIBRARY = "libc++";
				CLANG_ENABLE_MODULES = YES;
				CLANG_ENABLE_OBJC_ARC = YES;
				CLANG_WARN_BOOL_CONVERSION = YES;
				CLANG_WARN_CONSTANT_CONVERSION = YES;
				CLANG_WARN_DIRECT_OBJC_ISA_USAGE = YES_ERROR;
				CLANG_WARN_DOCUMENTATION_COMMENTS = YES;
				CLANG_WARN_EMPTY_BODY = YES;
				CLANG_WARN_ENUM_CONVERSION = YES;
				CLANG_WARN_INFINITE_RECURSION = YES;
				CLANG_WARN_INT_CONVERSION = YES;
				CLANG_WARN_OBJC_ROOT_CLASS = YES_ERROR;
				CLANG_WARN_SUSPICIOUS_MOVES = YES;
				CLANG_WARN_UNREACHABLE_CODE = YES;
				CLANG_WARN__DUPLICATE_METHOD_MATCH = YES;
				"CODE_SIGN_IDENTITY[sdk=iphoneos*]" = "iPhone Developer";
				COPY_PHASE_STRIP = NO;
				DEBUG_INFORMATION_FORMAT = dwarf;
				ENABLE_STRICT_OBJC_MSGSEND = YES;
				ENABLE_TESTABILITY = YES;
				GCC_C_LANGUAGE_STANDARD = gnu99;
				GCC_DYNAMIC_NO_PIC = NO;
				GCC_NO_COMMON_BLOCKS = YES;
				GCC_OPTIMIZATION_LEVEL = 0;
				GCC_PREPROCESSOR_DEFINITIONS = (
					"DEBUG=1",
					"$(inherited)",
				);
				GCC_WARN_64_TO_32_BIT_CONVERSION = YES;
				GCC_WARN_ABOUT_RETURN_TYPE = YES_ERROR;
				GCC_WARN_UNDECLARED_SELECTOR = YES;
				GCC_WARN_UNINITIALIZED_AUTOS = YES_AGGRESSIVE;
				GCC_WARN_UNUSED_FUNCTION = YES;
				GCC_WARN_UNUSED_VARIABLE = YES;
				IPHONEOS_DEPLOYMENT_TARGET = 10.0;
				MTL_ENABLE_DEBUG_INFO = YES;
				ONLY_ACTIVE_ARCH = YES;
				SDKROOT = iphoneos;
				SWIFT_ACTIVE_COMPILATION_CONDITIONS = DEBUG;
				SWIFT_OPTIMIZATION_LEVEL = "-Onone";
			};
			name = Debug;
		};
		64E8A6331E83D6E100B9D456 /* Release */ = {
			isa = XCBuildConfiguration;
			buildSettings = {
				ALWAYS_SEARCH_USER_PATHS = NO;
				CLANG_ANALYZER_NONNULL = YES;
				CLANG_CXX_LANGUAGE_STANDARD = "gnu++0x";
				CLANG_CXX_LIBRARY = "libc++";
				CLANG_ENABLE_MODULES = YES;
				CLANG_ENABLE_OBJC_ARC = YES;
				CLANG_WARN_BOOL_CONVERSION = YES;
				CLANG_WARN_CONSTANT_CONVERSION = YES;
				CLANG_WARN_DIRECT_OBJC_ISA_USAGE = YES_ERROR;
				CLANG_WARN_DOCUMENTATION_COMMENTS = YES;
				CLANG_WARN_EMPTY_BODY = YES;
				CLANG_WARN_ENUM_CONVERSION = YES;
				CLANG_WARN_INFINITE_RECURSION = YES;
				CLANG_WARN_INT_CONVERSION = YES;
				CLANG_WARN_OBJC_ROOT_CLASS = YES_ERROR;
				CLANG_WARN_SUSPICIOUS_MOVES = YES;
				CLANG_WARN_UNREACHABLE_CODE = YES;
				CLANG_WARN__DUPLICATE_METHOD_MATCH = YES;
				"CODE_SIGN_IDENTITY[sdk=iphoneos*]" = "iPhone Developer";
				COPY_PHASE_STRIP = NO;
				DEBUG_INFORMATION_FORMAT = "dwarf-with-dsym";
				ENABLE_NS_ASSERTIONS = NO;
				ENABLE_STRICT_OBJC_MSGSEND = YES;
				GCC_C_LANGUAGE_STANDARD = gnu99;
				GCC_NO_COMMON_BLOCKS = YES;
				GCC_WARN_64_TO_32_BIT_CONVERSION = YES;
				GCC_WARN_ABOUT_RETURN_TYPE = YES_ERROR;
				GCC_WARN_UNDECLARED_SELECTOR = YES;
				GCC_WARN_UNINITIALIZED_AUTOS = YES_AGGRESSIVE;
				GCC_WARN_UNUSED_FUNCTION = YES;
				GCC_WARN_UNUSED_VARIABLE = YES;
				IPHONEOS_DEPLOYMENT_TARGET = 10.0;
				MTL_ENABLE_DEBUG_INFO = NO;
				SDKROOT = iphoneos;
				SWIFT_OPTIMIZATION_LEVEL = "-Owholemodule";
				VALIDATE_PRODUCT = YES;
			};
			name = Release;
		};
		64E8A6351E83D6E100B9D456 /* Debug */ = {
			isa = XCBuildConfiguration;
			buildSettings = {
				ASSETCATALOG_COMPILER_APPICON_NAME = AppIcon;
				INFOPLIST_FILE = EmojiTableView/Info.plist;
				LD_RUNPATH_SEARCH_PATHS = "$(inherited) @executable_path/Frameworks";
				PRODUCT_BUNDLE_IDENTIFIER = kremkow.manuel.EmojiTableView;
				PRODUCT_NAME = "$(TARGET_NAME)";
				SWIFT_VERSION = 3.0;
			};
			name = Debug;
		};
		64E8A6361E83D6E100B9D456 /* Release */ = {
			isa = XCBuildConfiguration;
			buildSettings = {
				ASSETCATALOG_COMPILER_APPICON_NAME = AppIcon;
				INFOPLIST_FILE = EmojiTableView/Info.plist;
				LD_RUNPATH_SEARCH_PATHS = "$(inherited) @executable_path/Frameworks";
				PRODUCT_BUNDLE_IDENTIFIER = kremkow.manuel.EmojiTableView;
				PRODUCT_NAME = "$(TARGET_NAME)";
				SWIFT_VERSION = 3.0;
			};
			name = Release;
		};
/* End XCBuildConfiguration section */

/* Begin XCConfigurationList section */
		64E8A61D1E83D6E000B9D456 /* Build configuration list for PBXProject "EmojiTableView" */ = {
			isa = XCConfigurationList;
			buildConfigurations = (
				64E8A6321E83D6E100B9D456 /* Debug */,
				64E8A6331E83D6E100B9D456 /* Release */,
			);
			defaultConfigurationIsVisible = 0;
			defaultConfigurationName = Release;
		};
		64E8A6341E83D6E100B9D456 /* Build configuration list for PBXNativeTarget "EmojiTableView" */ = {
			isa = XCConfigurationList;
			buildConfigurations = (
				64E8A6351E83D6E100B9D456 /* Debug */,
				64E8A6361E83D6E100B9D456 /* Release */,
			);
			defaultConfigurationIsVisible = 0;
		};
/* End XCConfigurationList section */
	};
	rootObject = 64E8A61A1E83D6E000B9D456 /* Project object */;
}
